
Microsoft Visual Studio Solution File, Format Version 12.00
Project("{FAE04EC0-301F-11D3-BF4B-00C04F79EFBC}") = "ImageUploader", "ImageUploader\ImageUploader.csproj", "{379FDA19-8282-44BF-A8B3-16FAF6B5F819}"
EndProject
Global
	GlobalSection(SolutionConfigurationPlatforms) = preSolution
		Debug|Any CPU = Debug|Any CPU
		Release|Any CPU = Release|Any CPU
	EndGlobalSection
	GlobalSection(ProjectConfigurationPlatforms) = postSolution
		{379FDA19-8282-44BF-A8B3-16FAF6B5F819}.Debug|Any CPU.ActiveCfg = Debug|Any CPU
		{379FDA19-8282-44BF-A8B3-16FAF6B5F819}.Debug|Any CPU.Build.0 = Debug|Any CPU
		{379FDA19-8282-44BF-A8B3-16FAF6B5F819}.Release|Any CPU.ActiveCfg = Release|Any CPU
		{379FDA19-8282-44BF-A8B3-16FAF6B5F819}.Release|Any CPU.Build.0 = Release|Any CPU
	EndGlobalSection
EndGlobal
